github.com/Rakiiii/goBipartitonLocalSearch v0.0.0-20191123202341-7e353a2cee9d h1:aPNDyV6DDQI+w3i/hkPZQ4VfhFN6J0rqg71Kwwe7HWI=
github.com/Rakiiii/goBipartitonLocalSearch v0.0.0-20191123202341-7e353a2cee9d/go.mod h1:jauli0VYYO5EhB16QwaCrzSC9CxF8z5n+mFaXrcUd48=
github.com/Rakiiii/goBipartitonLocalSearch v0.0.3 h1:XAyLXnUumPTqDh84XtdJX2Ow3mvBEVG1cWRrzgDM7DI=
github.com/Rakiiii/goBipartitonLocalSearch v0.0.3/go.mod h1:jauli0VYYO5EhB16QwaCrzSC9CxF8z5n+mFaXrcUd48=
github.com/Rakiiii/goBipartitonLocalSearch v0.0.4 h1:zImCmzZag68vaw2iOBJUmccGt9i/TvQSTH8dk3DRovg=
github.com/Rakiiii/goBipartitonLocalSearch v0.0.4/go.mod h1:vtRfwR4MbmvnznXdMi1sDaSzLOpzkGU0GTDdXaf+6ys=
github.com/Rakiiii/goBipartitonLocalSearch v0.0.5 h1:u1Rd4iw/yaE+ZoRdPl2wl4Qb4qjpwlH5w1AtWrxKeWE=
github.com/Rakiiii/goBipartitonLocalSearch v0.0.5/go.mod h1:vtRfwR4MbmvnznXdMi1sDaSzLOpzkGU0GTDdXaf+6ys=
github.com/Rakiiii/goBipartitonLocalSearch v0.0.6 h1:yhP3CEai02Dr8ndzMNYI+sIZqUR4Lq+Rr1BIPnqmysY=
github.com/Rakiiii/goBipartitonLocalSearch v0.0.6/go.mod h1:vtRfwR4MbmvnznXdMi1sDaSzLOpzkGU0GTDdXaf+6ys=
github.com/Rakiiii/goBipartitonLocalSearch v0.0.7 h1:Eduv7PY1+hc80z3e8HhDnI/uASt2EhIddazkKDFuqYI=
github.com/Rakiiii/goBipartitonLocalSearch v0.0.7/go.mod h1:vtRfwR4MbmvnznXdMi1sDaSzLOpzkGU0GTDdXaf+6ys=
github.com/Rakiiii/goBipartitonLocalSearch v0.0.8 h1:XrpbG3mQul+5mtKgJJ5NUxElQrg+0lRn0AtNdTEpigI=
github.com/Rakiiii/goBipartitonLocalSearch v0.0.8/go.mod h1:vtRfwR4MbmvnznXdMi1sDaSzLOpzkGU0GTDdXaf+6ys=
github.com/Rakiiii/goBipartitonLocalSearch v0.0.9 h1:yeJHWqQ85TyNksW7IYq2mYCRolhLfFHgj1A5vTye1yQ=
github.com/Rakiiii/goBipartitonLocalSearch v0.0.9/go.mod h1:vtRfwR4MbmvnznXdMi1sDaSzLOpzkGU0GTDdXaf+6ys=
github.com/Rakiiii/goBipartitonLocalSearch v0.0.10 h1:wz5Rr5j7RFDqYUnu5Ues88BjderCqm8WSg4noki7C5Q=
github.com/Rakiiii/goBipartitonLocalSearch v0.0.10/go.mod h1:vtRfwR4MbmvnznXdMi1sDaSzLOpzkGU0GTDdXaf+6ys=
github.com/Rakiiii/goBipartitonLocalSearch v0.0.11 h1:fiLNLaxK35z5HuaH/bZpXDrmq0d+q0nbCmO78Qlnv+w=
github.com/Rakiiii/goBipartitonLocalSearch v0.0.11/go.mod h1:vtRfwR4MbmvnznXdMi1sDaSzLOpzkGU0GTDdXaf+6ys=
github.com/Rakiiii/goBipartitonLocalSearch v0.0.12 h1:1tOrwXxrYLB33XFvqHzPFjkcAPNoLDzMpOrnRV2IsPU=
github.com/Rakiiii/goBipartitonLocalSearch v0.0.12/go.mod h1:vtRfwR4MbmvnznXdMi1sDaSzLOpzkGU0GTDdXaf+6ys=
github.com/Rakiiii/goBipartitonLocalSearch v0.0.13 h1:f43zDiIg7elvpAbgq+/ChN12teI6879SYdr6fFoibtM=
github.com/Rakiiii/goBipartitonLocalSearch v0.0.13/go.mod h1:vtRfwR4MbmvnznXdMi1sDaSzLOpzkGU0GTDdXaf+6ys=
github.com/Rakiiii/goBipartitonLocalSearch v0.0.14 h1:Pj/bdgKquzgB6c88bEJF+D7sRdw6lRYyjIDE9UlwPKU=
github.com/Rakiiii/goBipartitonLocalSearch v0.0.14/go.mod h1:vtRfwR4MbmvnznXdMi1sDaSzLOpzkGU0GTDdXaf+6ys=
github.com/Rakiiii/goBipartitonLocalSearch v0.0.15 h1:9EHJCXrIdJ+TZAO6w4v8G9lRbFNoRIkKU/kuJC3lRgs=
github.com/Rakiiii/goBipartitonLocalSearch v0.0.15/go.mod h1:VWv8LvQ0pXVDshqqb8azRFwrTdo95S5HnBqLUFDbUCU=
github.com/Rakiiii/goBipartitonLocalSearch v0.0.16 h1:1oio75pK99G0tuXE2j4dp6F0FpVu/5akxehpwsARzps=
github.com/Rakiiii/goBipartitonLocalSearch v0.0.16/go.mod h1:VWv8LvQ0pXVDshqqb8azRFwrTdo95S5HnBqLUFDbUCU=
github.com/Rakiiii/goGraph v0.2.1 h1:pv2m5+C1hJ0NrdnSl+bUzaz8Vx678+AdJZuAAp6jt6o=
github.com/Rakiiii/goGraph v0.2.1/go.mod h1:bYAV6bGI3W/Q2pbO8wpCVywSbfjNNbvQ41WEdop3YAI=
github.com/Rakiiii/goGraph v0.2.2 h1:ewz+KTd/VUmjzp9YDTzJ9ShzyL2pgoRwR78V9+3er4U=
github.com/Rakiiii/goGraph v0.2.2/go.mod h1:bYAV6bGI3W/Q2pbO8wpCVywSbfjNNbvQ41WEdop3YAI=
github.com/Rakiiii/goPair v0.0.0-20191123194235-c325a5a98042 h1:M9rdRPnbChkp/2feFyg96qj8zQtnR8rVV4TJ2c+p0Xs=
github.com/Rakiiii/goPair v0.0.0-20191123194235-c325a5a98042/go.mod h1:Jjb6f/SlM8GV5ySxvfySDs8UCOjtx5CJtmUoffpLD9I=
github.com/Rakiiii/goPair v0.0.2 h1:DtZiEtWgOr6VhgFE/EbMo7R3u78TZfPYk8ny8EB4I7M=
github.com/Rakiiii/goPair v0.0.2/go.mod h1:Jjb6f/SlM8GV5ySxvfySDs8UCOjtx5CJtmUoffpLD9I=
github.com/Rakiiii/goSort v0.0.1/go.mod h1:ir50upjpORk43rGVd9Kt43JRoCWmtWiLmqEKnmO3EPw=
